<Solution>
  <Folder Name="/src/" />
  <Folder Name="/src/API/">
    <Project Path="src/API/app.WebApi/app.WebApi.csproj" Id="bf5ce551-370f-415a-9505-c5842c77783f" />
  </Folder>
  <Folder Name="/src/Application/">
    <Project Path="src/Application/app.Application.Contracts/app.Application.Contracts.csproj" Id="e921d755-8a66-4661-bec6-fe3b479cc5fc" />
    <Project Path="src/Application/app.Application/app.Application.csproj" Id="951aa977-2680-4c20-a10d-4d0af2403acf" />
  </Folder>
  <Folder Name="/src/Domain/">
    <Project Path="src/Domain/app.Domain/app.Domain.csproj" Id="0c963f93-719d-435a-a429-d576a258a8a1" />
  </Folder>
  <Folder Name="/src/Infrastructure/">
    <Project Path="src/Infrastructure/app.Identity/app.Identity.csproj" Id="42b400a6-6aac-4b09-bb09-84b95c017d23" />
    <Project Path="src/Infrastructure/app.Infrastructure/app.Infrastructure.csproj" Id="9a9c06ff-d6d0-4f0b-a6b3-d48bd2127b5b" />
    <Project Path="src/Infrastructure/app.Persistence/app.Persistence.csproj" Id="7b4d71c0-55f6-4055-8c38-ece219423263" />
  </Folder>
  <Folder Name="/src/Infrastructure/Email/" />
  <Folder Name="/src/UI/">
    <Project Path="src/UI/app.MVC/app.MVC.csproj" Id="9e39c394-313e-4894-a945-219a422b02ae" />
  </Folder>
  <Folder Name="/test/">
    <Project Path="test/app.UnitTest/app.UnitTest.csproj" Id="3d4e0367-b7a0-49aa-98cc-b8b734d1f78e" />
  </Folder>
</Solution>
